{
  "name": "new_T",
  "lockfileVersion": 3,
  "requires": true,
  "packages": {
    "": {
      "dependencies": {
        "@rolldown/pluginutils": "^1.0.0-rc.4"
      }
    },
    "node_modules/@rolldown/pluginutils": {
      "version": "1.0.0-rc.4",
      "resolved": "https://registry.npmjs.org/@rolldown/pluginutils/-/pluginutils-1.0.0-rc.4.tgz",
      "integrity": "sha512-1BrrmTu0TWfOP1riA8uakjFc9bpIUGzVKETsOtzY39pPga8zELGDl8eu1Dx7/gjM5CAz14UknsUMpBO8L+YntQ=="
    }
  }
}
